
Microsoft Visual Studio Solution File, Format Version 12.00
Project("{FAE04EC0-301F-11D3-BF4B-00C04F79EFBC}") = "src\Akka.Cluster.Discovery.Cloudmap", "src\Akka.Cluster.Discovery.Cloudmap\Akka.Cluster.Discovery.Cloudmap.csproj", "{B7D4EB4B-0BC8-4AC5-8BDF-19DC7E10B050}"
EndProject
Global
	GlobalSection(SolutionConfigurationPlatforms) = preSolution
		Debug|Any CPU = Debug|Any CPU
		Release|Any CPU = Release|Any CPU
	EndGlobalSection
	GlobalSection(ProjectConfigurationPlatforms) = postSolution
		{B7D4EB4B-0BC8-4AC5-8BDF-19DC7E10B050}.Debug|Any CPU.ActiveCfg = Debug|Any CPU
		{B7D4EB4B-0BC8-4AC5-8BDF-19DC7E10B050}.Debug|Any CPU.Build.0 = Debug|Any CPU
		{B7D4EB4B-0BC8-4AC5-8BDF-19DC7E10B050}.Release|Any CPU.ActiveCfg = Release|Any CPU
		{B7D4EB4B-0BC8-4AC5-8BDF-19DC7E10B050}.Release|Any CPU.Build.0 = Release|Any CPU
	EndGlobalSection
EndGlobal
